{
    "version": 3,
    "terraform_version": "0.10.7",
    "serial": 1,
    "lineage": "7285d9c0-e350-469f-b5fa-3e566fa72ba2",
    "modules": [
        {
            "path": [
                "root"
            ],
            "outputs": {},
            "resources": {
                "aws_instance.example": {
                    "type": "aws_instance",
                    "depends_on": [],
                    "primary": {
                        "id": "i-0acf889a8f27909f3",
                        "attributes": {
                            "ami": "ami-0220b23b",
                            "associate_public_ip_address": "true",
                            "availability_zone": "cn-north-1a",
                            "disable_api_termination": "false",
                            "ebs_block_device.#": "0",
                            "ebs_optimized": "false",
                            "ephemeral_block_device.#": "0",
                            "iam_instance_profile": "",
                            "id": "i-0acf889a8f27909f3",
                            "instance_state": "running",
                            "instance_type": "t2.micro",
                            "ipv6_addresses.#": "0",
                            "key_name": "",
                            "monitoring": "false",
                            "network_interface.#": "0",
                            "network_interface_id": "eni-580ecc03",
                            "primary_network_interface_id": "eni-580ecc03",
                            "private_dns": "ip-172-31-16-33.cn-north-1.compute.internal",
                            "private_ip": "172.31.16.33",
                            "public_dns": "ec2-54-223-244-37.cn-north-1.compute.amazonaws.com.cn",
                            "public_ip": "54.223.244.37",
                            "root_block_device.#": "1",
                            "root_block_device.0.delete_on_termination": "true",
                            "root_block_device.0.iops": "100",
                            "root_block_device.0.volume_size": "8",
                            "root_block_device.0.volume_type": "gp2",
                            "security_groups.#": "1",
                            "security_groups.3814588639": "default",
                            "source_dest_check": "true",
                            "subnet_id": "subnet-adbd47c9",
                            "tags.%": "0",
                            "tenancy": "default",
                            "volume_tags.%": "0",
                            "vpc_security_group_ids.#": "0"
                        },
                        "meta": {
                            "e2bfb730-ecaa-11e6-8f88-34363bc7c4c0": {
                                "create": 600000000000,
                                "delete": 600000000000,
                                "update": 600000000000
                            },
                            "schema_version": "1"
                        },
                        "tainted": false
                    },
                    "deposed": [],
                    "provider": ""
                }
            },
            "depends_on": []
        }
    ]
}
