{
    "version": 3,
    "terraform_version": "0.10.7",
    "serial": 8,
    "lineage": "7285d9c0-e350-469f-b5fa-3e566fa72ba2",
    "modules": [
        {
            "path": [
                "root"
            ],
            "outputs": {},
            "resources": {
                "aws_eip.ip": {
                    "type": "aws_eip",
                    "depends_on": [
                        "aws_instance.example"
                    ],
                    "primary": {
                        "id": "eipalloc-98cf9ea2",
                        "attributes": {
                            "association_id": "eipassoc-c8babbf5",
                            "domain": "vpc",
                            "id": "eipalloc-98cf9ea2",
                            "instance": "i-04c849bfc56c9cd2f",
                            "network_interface": "eni-d73af88c",
                            "private_ip": "172.31.27.79",
                            "public_ip": "54.223.163.241",
                            "vpc": "true"
                        },
                        "meta": {},
                        "tainted": false
                    },
                    "deposed": [],
                    "provider": ""
                },
                "aws_instance.example": {
                    "type": "aws_instance",
                    "depends_on": [],
                    "primary": {
                        "id": "i-04c849bfc56c9cd2f",
                        "attributes": {
                            "ami": "ami-fba67596",
                            "associate_public_ip_address": "true",
                            "availability_zone": "cn-north-1a",
                            "disable_api_termination": "false",
                            "ebs_block_device.#": "0",
                            "ebs_optimized": "false",
                            "ephemeral_block_device.#": "0",
                            "iam_instance_profile": "",
                            "id": "i-04c849bfc56c9cd2f",
                            "instance_state": "running",
                            "instance_type": "t2.micro",
                            "ipv6_addresses.#": "0",
                            "key_name": "",
                            "monitoring": "false",
                            "network_interface.#": "0",
                            "network_interface_id": "eni-d73af88c",
                            "primary_network_interface_id": "eni-d73af88c",
                            "private_dns": "ip-172-31-27-79.cn-north-1.compute.internal",
                            "private_ip": "172.31.27.79",
                            "public_dns": "ec2-54-223-163-241.cn-north-1.compute.amazonaws.com.cn",
                            "public_ip": "54.223.163.241",
                            "root_block_device.#": "1",
                            "root_block_device.0.delete_on_termination": "true",
                            "root_block_device.0.iops": "100",
                            "root_block_device.0.volume_size": "8",
                            "root_block_device.0.volume_type": "gp2",
                            "security_groups.#": "1",
                            "security_groups.3814588639": "default",
                            "source_dest_check": "true",
                            "subnet_id": "subnet-adbd47c9",
                            "tags.%": "0",
                            "tenancy": "default",
                            "volume_tags.%": "0",
                            "vpc_security_group_ids.#": "0"
                        },
                        "meta": {
                            "e2bfb730-ecaa-11e6-8f88-34363bc7c4c0": {
                                "create": 600000000000,
                                "delete": 600000000000,
                                "update": 600000000000
                            },
                            "schema_version": "1"
                        },
                        "tainted": false
                    },
                    "deposed": [],
                    "provider": ""
                },
                "aws_s3_bucket.example": {
                    "type": "aws_s3_bucket",
                    "depends_on": [],
                    "primary": {
                        "id": "terraform-getting-started-guide-yogiman",
                        "attributes": {
                            "acl": "private",
                            "arn": "arn:aws-cn:s3:::terraform-getting-started-guide-yogiman",
                            "bucket": "terraform-getting-started-guide-yogiman",
                            "bucket_domain_name": "terraform-getting-started-guide-yogiman.s3.amazonaws.com",
                            "force_destroy": "false",
                            "hosted_zone_id": "",
                            "id": "terraform-getting-started-guide-yogiman",
                            "logging.#": "0",
                            "region": "cn-north-1",
                            "request_payer": "BucketOwner",
                            "tags.%": "0",
                            "versioning.#": "1",
                            "versioning.0.enabled": "false",
                            "versioning.0.mfa_delete": "false",
                            "website.#": "0"
                        },
                        "meta": {},
                        "tainted": false
                    },
                    "deposed": [],
                    "provider": ""
                }
            },
            "depends_on": []
        }
    ]
}
