{
    "version": 3,
    "terraform_version": "0.10.7",
    "serial": 6,
    "lineage": "40cea399-d400-4ae8-a94d-896dc545ed9e",
    "modules": [
        {
            "path": [
                "root"
            ],
            "outputs": {},
            "resources": {
                "alicloud_instance.web": {
                    "type": "alicloud_instance",
                    "depends_on": [
                        "alicloud_security_group.default"
                    ],
                    "primary": {
                        "id": "i-uf65n6gzuzc9olymo0a8",
                        "attributes": {
                            "allocate_public_ip": "false",
                            "availability_zone": "cn-shanghai-a",
                            "description": "",
                            "host_name": "iZuf65n6gzuzc9olymo0a8Z",
                            "id": "i-uf65n6gzuzc9olymo0a8",
                            "image_id": "ubuntu_16_0402_64_20G_alibase_20170818.vhd",
                            "instance_name": "web",
                            "instance_type": "ecs.xn4.small",
                            "internet_charge_type": "PayByBandwidth",
                            "io_optimized": "optimized",
                            "password": "",
                            "private_ip": "10.30.5.223",
                            "security_groups.#": "1",
                            "security_groups.3503510490": "sg-uf6hzc7pd8k5jww8w7uw",
                            "status": "Running",
                            "system_disk_category": "cloud_efficiency",
                            "system_disk_size": "40",
                            "tags.%": "0"
                        },
                        "meta": {},
                        "tainted": false
                    },
                    "deposed": [],
                    "provider": ""
                },
                "alicloud_security_group.default": {
                    "type": "alicloud_security_group",
                    "depends_on": [],
                    "primary": {
                        "id": "sg-uf6hzc7pd8k5jww8w7uw",
                        "attributes": {
                            "description": "default",
                            "id": "sg-uf6hzc7pd8k5jww8w7uw",
                            "name": "default"
                        },
                        "meta": {},
                        "tainted": false
                    },
                    "deposed": [],
                    "provider": "alicloud"
                }
            },
            "depends_on": []
        }
    ]
}
