{
    "version": 3,
    "terraform_version": "0.10.7",
    "serial": 33,
    "lineage": "40cea399-d400-4ae8-a94d-896dc545ed9e",
    "modules": [
        {
            "path": [
                "root"
            ],
            "outputs": {},
            "resources": {
                "alicloud_instance.web": {
                    "type": "alicloud_instance",
                    "depends_on": [
                        "alicloud_security_group.default",
                        "alicloud_vswitch.terraform_switch"
                    ],
                    "primary": {
                        "id": "i-uf6fq26zde3tcg6122oc",
                        "attributes": {
                            "allocate_public_ip": "true",
                            "availability_zone": "cn-shanghai-a",
                            "description": "",
                            "host_name": "iZuf6fq26zde3tcg6122ocZ",
                            "id": "i-uf6fq26zde3tcg6122oc",
                            "image_id": "ubuntu_16_0402_64_20G_alibase_20170818.vhd",
                            "instance_charge_type": "PostPaid",
                            "instance_name": "web",
                            "instance_type": "ecs.xn4.small",
                            "internet_charge_type": "PayByTraffic",
                            "internet_max_bandwidth_out": "100",
                            "io_optimized": "optimized",
                            "key_name": "",
                            "password": "",
                            "private_ip": "172.16.182.52",
                            "public_ip": "139.196.120.7",
                            "security_groups.#": "1",
                            "security_groups.2643543838": "sg-uf64ame76454hbzwaqlt",
                            "status": "Running",
                            "subnet_id": "vsw-uf68243yojnzyd9x3pr3o",
                            "system_disk_category": "cloud_efficiency",
                            "system_disk_size": "40",
                            "tags.%": "0",
                            "vswitch_id": "vsw-uf68243yojnzyd9x3pr3o"
                        },
                        "meta": {},
                        "tainted": false
                    },
                    "deposed": [],
                    "provider": ""
                },
                "alicloud_security_group.default": {
                    "type": "alicloud_security_group",
                    "depends_on": [
                        "alicloud_vpc.terraform_vpc"
                    ],
                    "primary": {
                        "id": "sg-uf64ame76454hbzwaqlt",
                        "attributes": {
                            "description": "default",
                            "id": "sg-uf64ame76454hbzwaqlt",
                            "name": "default",
                            "vpc_id": "vpc-uf62vuqrdyyie9q80hnoj"
                        },
                        "meta": {},
                        "tainted": false
                    },
                    "deposed": [],
                    "provider": ""
                },
                "alicloud_security_group_rule.ping": {
                    "type": "alicloud_security_group_rule",
                    "depends_on": [
                        "alicloud_security_group.default"
                    ],
                    "primary": {
                        "id": "sg-uf64ame76454hbzwaqlt:ingress:icmp:-1/-1::0.0.0.0/0",
                        "attributes": {
                            "cidr_ip": "0.0.0.0/0",
                            "id": "sg-uf64ame76454hbzwaqlt:ingress:icmp:-1/-1::0.0.0.0/0",
                            "ip_protocol": "icmp",
                            "nic_type": "intranet",
                            "policy": "accept",
                            "port_range": "-1/-1",
                            "priority": "1",
                            "security_group_id": "sg-uf64ame76454hbzwaqlt",
                            "source_group_owner_account": "",
                            "source_security_group_id": "",
                            "type": "ingress"
                        },
                        "meta": {},
                        "tainted": false
                    },
                    "deposed": [],
                    "provider": ""
                },
                "alicloud_vpc.terraform_vpc": {
                    "type": "alicloud_vpc",
                    "depends_on": [],
                    "primary": {
                        "id": "vpc-uf62vuqrdyyie9q80hnoj",
                        "attributes": {
                            "cidr_block": "172.16.0.0/12",
                            "description": "",
                            "id": "vpc-uf62vuqrdyyie9q80hnoj",
                            "name": "terraform_vpc",
                            "route_table_id": "vtb-uf66sd19hmf0ssgwqt3qd",
                            "router_id": "vrt-uf672dy8k99gto5w4v8ro",
                            "router_table_id": "vtb-uf66sd19hmf0ssgwqt3qd"
                        },
                        "meta": {},
                        "tainted": false
                    },
                    "deposed": [],
                    "provider": ""
                },
                "alicloud_vswitch.terraform_switch": {
                    "type": "alicloud_vswitch",
                    "depends_on": [
                        "alicloud_vpc.terraform_vpc"
                    ],
                    "primary": {
                        "id": "vsw-uf68243yojnzyd9x3pr3o",
                        "attributes": {
                            "availability_zone": "cn-shanghai-a",
                            "cidr_block": "172.16.0.0/16",
                            "description": "",
                            "id": "vsw-uf68243yojnzyd9x3pr3o",
                            "name": "",
                            "vpc_id": "vpc-uf62vuqrdyyie9q80hnoj"
                        },
                        "meta": {},
                        "tainted": false
                    },
                    "deposed": [],
                    "provider": ""
                }
            },
            "depends_on": []
        }
    ]
}
