{
    "version": 3,
    "terraform_version": "0.10.7",
    "serial": 22,
    "lineage": "40cea399-d400-4ae8-a94d-896dc545ed9e",
    "modules": [
        {
            "path": [
                "root"
            ],
            "outputs": {},
            "resources": {
                "alicloud_instance.web": {
                    "type": "alicloud_instance",
                    "depends_on": [
                        "alicloud_security_group.default"
                    ],
                    "primary": {
                        "id": "i-uf6isotv99f1c07xx6wg",
                        "attributes": {
                            "allocate_public_ip": "false",
                            "availability_zone": "cn-shanghai-a",
                            "description": "",
                            "host_name": "iZuf6isotv99f1c07xx6wgZ",
                            "id": "i-uf6isotv99f1c07xx6wg",
                            "image_id": "ubuntu_16_0402_64_20G_alibase_20170818.vhd",
                            "instance_name": "web",
                            "instance_type": "ecs.xn4.small",
                            "internet_charge_type": "PayByTraffic",
                            "internet_max_bandwidth_out": "100",
                            "io_optimized": "optimized",
                            "password": "",
                            "private_ip": "10.30.8.18",
                            "security_groups.#": "1",
                            "security_groups.2612434850": "sg-uf678t84wkemplhjrh16",
                            "status": "Running",
                            "system_disk_category": "cloud_efficiency",
                            "system_disk_size": "40",
                            "tags.%": "0"
                        },
                        "meta": {},
                        "tainted": false
                    },
                    "deposed": [],
                    "provider": ""
                },
                "alicloud_security_group.default": {
                    "type": "alicloud_security_group",
                    "depends_on": [],
                    "primary": {
                        "id": "sg-uf678t84wkemplhjrh16",
                        "attributes": {
                            "description": "default",
                            "id": "sg-uf678t84wkemplhjrh16",
                            "name": "default"
                        },
                        "meta": {},
                        "tainted": false
                    },
                    "deposed": [],
                    "provider": ""
                },
                "alicloud_security_group_rule.ping": {
                    "type": "alicloud_security_group_rule",
                    "depends_on": [
                        "alicloud_security_group.default"
                    ],
                    "primary": {
                        "id": "sg-uf678t84wkemplhjrh16:ingress:icmp:-1/-1:",
                        "attributes": {
                            "cidr_ip": "0.0.0.0/0",
                            "id": "sg-uf678t84wkemplhjrh16:ingress:icmp:-1/-1:",
                            "ip_protocol": "icmp",
                            "nic_type": "internet",
                            "policy": "accept",
                            "port_range": "-1/-1",
                            "priority": "1",
                            "security_group_id": "sg-uf678t84wkemplhjrh16",
                            "source_group_owner_account": "",
                            "source_security_group_id": "",
                            "type": "ingress"
                        },
                        "meta": {},
                        "tainted": false
                    },
                    "deposed": [],
                    "provider": ""
                },
                "alicloud_vpc.terraform_vpc": {
                    "type": "alicloud_vpc",
                    "depends_on": [],
                    "primary": {
                        "id": "vpc-uf6wr08tcd16i82rmpxj0",
                        "attributes": {
                            "cidr_block": "172.16.0.0/12",
                            "description": "",
                            "id": "vpc-uf6wr08tcd16i82rmpxj0",
                            "name": "terraform_vpc",
                            "router_id": "vrt-uf69dmnakw36r8wt55m2l",
                            "router_table_id": "vtb-uf6rznv2myxxq34iesmpq"
                        },
                        "meta": {},
                        "tainted": false
                    },
                    "deposed": [],
                    "provider": ""
                },
                "alicloud_vswitch.terraform_switch": {
                    "type": "alicloud_vswitch",
                    "depends_on": [
                        "alicloud_vpc.terraform_vpc"
                    ],
                    "primary": {
                        "id": "vsw-uf6142072wx5u9ytcpc88",
                        "attributes": {
                            "availability_zone": "cn-shanghai-a",
                            "cidr_block": "172.16.0.0/16",
                            "description": "",
                            "id": "vsw-uf6142072wx5u9ytcpc88",
                            "name": "",
                            "vpc_id": "vpc-uf6wr08tcd16i82rmpxj0"
                        },
                        "meta": {},
                        "tainted": false
                    },
                    "deposed": [],
                    "provider": ""
                }
            },
            "depends_on": []
        }
    ]
}
