{
    "version": 3,
    "terraform_version": "0.10.7",
    "serial": 26,
    "lineage": "40cea399-d400-4ae8-a94d-896dc545ed9e",
    "modules": [
        {
            "path": [
                "root"
            ],
            "outputs": {},
            "resources": {
                "alicloud_instance.web": {
                    "type": "alicloud_instance",
                    "depends_on": [
                        "alicloud_security_group.default",
                        "alicloud_vswitch.terraform_switch"
                    ],
                    "primary": {
                        "id": "i-uf6fqhknu8nrnu98rsq1",
                        "attributes": {
                            "allocate_public_ip": "false",
                            "availability_zone": "cn-shanghai-a",
                            "description": "",
                            "host_name": "iZuf6fqhknu8nrnu98rsq1Z",
                            "id": "i-uf6fqhknu8nrnu98rsq1",
                            "image_id": "ubuntu_16_0402_64_20G_alibase_20170818.vhd",
                            "instance_name": "web",
                            "instance_type": "ecs.xn4.small",
                            "internet_charge_type": "PayByTraffic",
                            "internet_max_bandwidth_out": "100",
                            "io_optimized": "optimized",
                            "password": "",
                            "private_ip": "172.16.254.221",
                            "security_groups.#": "1",
                            "security_groups.120226560": "sg-uf6fcchx6gp5v62hd363",
                            "status": "Running",
                            "subnet_id": "vsw-uf6892imh90kxui6ig8um",
                            "system_disk_category": "cloud_efficiency",
                            "system_disk_size": "40",
                            "tags.%": "0",
                            "vswitch_id": "vsw-uf6892imh90kxui6ig8um"
                        },
                        "meta": {},
                        "tainted": false
                    },
                    "deposed": [],
                    "provider": ""
                },
                "alicloud_security_group.default": {
                    "type": "alicloud_security_group",
                    "depends_on": [
                        "alicloud_vpc.terraform_vpc"
                    ],
                    "primary": {
                        "id": "sg-uf6fcchx6gp5v62hd363",
                        "attributes": {
                            "description": "default",
                            "id": "sg-uf6fcchx6gp5v62hd363",
                            "name": "default",
                            "vpc_id": "vpc-uf68va1ws48wcypjqz724"
                        },
                        "meta": {},
                        "tainted": false
                    },
                    "deposed": [],
                    "provider": ""
                },
                "alicloud_security_group_rule.ping": {
                    "type": "alicloud_security_group_rule",
                    "depends_on": [
                        "alicloud_security_group.default"
                    ],
                    "primary": {
                        "id": "sg-uf6fcchx6gp5v62hd363:ingress:icmp:-1/-1:",
                        "attributes": {
                            "cidr_ip": "0.0.0.0/0",
                            "id": "sg-uf6fcchx6gp5v62hd363:ingress:icmp:-1/-1:",
                            "ip_protocol": "icmp",
                            "nic_type": "intranet",
                            "policy": "accept",
                            "port_range": "-1/-1",
                            "priority": "1",
                            "security_group_id": "sg-uf6fcchx6gp5v62hd363",
                            "source_group_owner_account": "",
                            "source_security_group_id": "",
                            "type": "ingress"
                        },
                        "meta": {},
                        "tainted": false
                    },
                    "deposed": [],
                    "provider": ""
                },
                "alicloud_vpc.terraform_vpc": {
                    "type": "alicloud_vpc",
                    "depends_on": [],
                    "primary": {
                        "id": "vpc-uf68va1ws48wcypjqz724",
                        "attributes": {
                            "cidr_block": "172.16.0.0/12",
                            "description": "",
                            "id": "vpc-uf68va1ws48wcypjqz724",
                            "name": "terraform_vpc",
                            "router_id": "vrt-uf61iyzv17em9e1t9rvct",
                            "router_table_id": "vtb-uf693hcixjnzni3fz7hq6"
                        },
                        "meta": {},
                        "tainted": false
                    },
                    "deposed": [],
                    "provider": ""
                },
                "alicloud_vswitch.terraform_switch": {
                    "type": "alicloud_vswitch",
                    "depends_on": [
                        "alicloud_vpc.terraform_vpc"
                    ],
                    "primary": {
                        "id": "vsw-uf6892imh90kxui6ig8um",
                        "attributes": {
                            "availability_zone": "cn-shanghai-a",
                            "cidr_block": "172.16.0.0/16",
                            "description": "",
                            "id": "vsw-uf6892imh90kxui6ig8um",
                            "name": "",
                            "vpc_id": "vpc-uf68va1ws48wcypjqz724"
                        },
                        "meta": {},
                        "tainted": false
                    },
                    "deposed": [],
                    "provider": ""
                }
            },
            "depends_on": []
        }
    ]
}
