{
    "version": 3,
    "terraform_version": "0.10.7",
    "serial": 47,
    "lineage": "40cea399-d400-4ae8-a94d-896dc545ed9e",
    "modules": [
        {
            "path": [
                "root"
            ],
            "outputs": {
                "ip": {
                    "sensitive": false,
                    "type": "string",
                    "value": "101.132.170.209"
                }
            },
            "resources": {
                "alicloud_instance.web": {
                    "type": "alicloud_instance",
                    "depends_on": [
                        "alicloud_security_group.default",
                        "alicloud_vswitch.terraform_switch"
                    ],
                    "primary": {
                        "id": "i-uf6905avpr22v05a1yfq",
                        "attributes": {
                            "allocate_public_ip": "true",
                            "availability_zone": "cn-shanghai-a",
                            "description": "",
                            "host_name": "iZuf6905avpr22v05a1yfqZ",
                            "id": "i-uf6905avpr22v05a1yfq",
                            "image_id": "ubuntu_16_0402_64_20G_alibase_20170818.vhd",
                            "instance_charge_type": "PostPaid",
                            "instance_name": "web",
                            "instance_type": "ecs.xn4.small",
                            "internet_charge_type": "PayByTraffic",
                            "internet_max_bandwidth_out": "100",
                            "key_name": "",
                            "password": "Xuyuji-Xuyuji",
                            "private_ip": "172.16.145.85",
                            "public_ip": "101.132.170.209",
                            "security_groups.#": "1",
                            "security_groups.532999493": "sg-uf6ib4ppgtaj1bbfkeb2",
                            "status": "Running",
                            "subnet_id": "vsw-uf66v8v9c1tp5e34ecjyu",
                            "system_disk_category": "cloud_efficiency",
                            "system_disk_size": "40",
                            "tags.%": "0",
                            "vswitch_id": "vsw-uf66v8v9c1tp5e34ecjyu"
                        },
                        "meta": {},
                        "tainted": false
                    },
                    "deposed": [],
                    "provider": ""
                },
                "alicloud_security_group.default": {
                    "type": "alicloud_security_group",
                    "depends_on": [
                        "alicloud_vpc.terraform_vpc"
                    ],
                    "primary": {
                        "id": "sg-uf6ib4ppgtaj1bbfkeb2",
                        "attributes": {
                            "description": "default",
                            "id": "sg-uf6ib4ppgtaj1bbfkeb2",
                            "name": "default",
                            "vpc_id": "vpc-uf6379ykjs3kh8x4axdq8"
                        },
                        "meta": {},
                        "tainted": false
                    },
                    "deposed": [],
                    "provider": ""
                },
                "alicloud_security_group_rule.ping": {
                    "type": "alicloud_security_group_rule",
                    "depends_on": [
                        "alicloud_security_group.default"
                    ],
                    "primary": {
                        "id": "sg-uf6ib4ppgtaj1bbfkeb2:ingress:icmp:-1/-1::0.0.0.0/0",
                        "attributes": {
                            "cidr_ip": "0.0.0.0/0",
                            "id": "sg-uf6ib4ppgtaj1bbfkeb2:ingress:icmp:-1/-1::0.0.0.0/0",
                            "ip_protocol": "icmp",
                            "nic_type": "intranet",
                            "policy": "accept",
                            "port_range": "-1/-1",
                            "priority": "1",
                            "security_group_id": "sg-uf6ib4ppgtaj1bbfkeb2",
                            "source_group_owner_account": "",
                            "source_security_group_id": "",
                            "type": "ingress"
                        },
                        "meta": {},
                        "tainted": false
                    },
                    "deposed": [],
                    "provider": ""
                },
                "alicloud_security_group_rule.ssh": {
                    "type": "alicloud_security_group_rule",
                    "depends_on": [
                        "alicloud_security_group.default"
                    ],
                    "primary": {
                        "id": "sg-uf6ib4ppgtaj1bbfkeb2:ingress:tcp:22/22::0.0.0.0/0",
                        "attributes": {
                            "cidr_ip": "0.0.0.0/0",
                            "id": "sg-uf6ib4ppgtaj1bbfkeb2:ingress:tcp:22/22::0.0.0.0/0",
                            "ip_protocol": "tcp",
                            "nic_type": "intranet",
                            "policy": "accept",
                            "port_range": "22/22",
                            "priority": "1",
                            "security_group_id": "sg-uf6ib4ppgtaj1bbfkeb2",
                            "source_group_owner_account": "",
                            "source_security_group_id": "",
                            "type": "ingress"
                        },
                        "meta": {},
                        "tainted": false
                    },
                    "deposed": [],
                    "provider": ""
                },
                "alicloud_vpc.terraform_vpc": {
                    "type": "alicloud_vpc",
                    "depends_on": [],
                    "primary": {
                        "id": "vpc-uf6379ykjs3kh8x4axdq8",
                        "attributes": {
                            "cidr_block": "172.16.0.0/12",
                            "description": "",
                            "id": "vpc-uf6379ykjs3kh8x4axdq8",
                            "name": "terraform_vpc",
                            "route_table_id": "vtb-uf6wdin204zu2kdk3ea4i",
                            "router_id": "vrt-uf6rbuem2ktl55ogyfv7l",
                            "router_table_id": "vtb-uf6wdin204zu2kdk3ea4i"
                        },
                        "meta": {},
                        "tainted": false
                    },
                    "deposed": [],
                    "provider": ""
                },
                "alicloud_vswitch.terraform_switch": {
                    "type": "alicloud_vswitch",
                    "depends_on": [
                        "alicloud_vpc.terraform_vpc"
                    ],
                    "primary": {
                        "id": "vsw-uf66v8v9c1tp5e34ecjyu",
                        "attributes": {
                            "availability_zone": "cn-shanghai-a",
                            "cidr_block": "172.16.0.0/16",
                            "description": "",
                            "id": "vsw-uf66v8v9c1tp5e34ecjyu",
                            "name": "",
                            "vpc_id": "vpc-uf6379ykjs3kh8x4axdq8"
                        },
                        "meta": {},
                        "tainted": false
                    },
                    "deposed": [],
                    "provider": ""
                }
            },
            "depends_on": []
        }
    ]
}
