{
    "version": 3,
    "terraform_version": "0.11.3",
    "serial": 14,
    "lineage": "7285d9c0-e350-469f-b5fa-3e566fa72ba2",
    "modules": [
        {
            "path": [
                "root"
            ],
            "outputs": {},
            "resources": {
                "aws_instance.example": {
                    "type": "aws_instance",
                    "depends_on": [
                        "aws_s3_bucket.example"
                    ],
                    "primary": {
                        "id": "i-05fa4369874d37c66",
                        "attributes": {
                            "ami": "ami-ab77d4c5",
                            "associate_public_ip_address": "true",
                            "availability_zone": "ap-northeast-2a",
                            "disable_api_termination": "false",
                            "ebs_block_device.#": "0",
                            "ebs_optimized": "false",
                            "ephemeral_block_device.#": "0",
                            "iam_instance_profile": "",
                            "id": "i-05fa4369874d37c66",
                            "instance_state": "running",
                            "instance_type": "t2.micro",
                            "ipv6_addresses.#": "0",
                            "key_name": "",
                            "monitoring": "false",
                            "network_interface.#": "0",
                            "network_interface_id": "eni-d273678d",
                            "placement_group": "",
                            "primary_network_interface_id": "eni-d273678d",
                            "private_dns": "ip-172-31-6-22.ap-northeast-2.compute.internal",
                            "private_ip": "172.31.6.22",
                            "public_dns": "ec2-13-125-209-58.ap-northeast-2.compute.amazonaws.com",
                            "public_ip": "13.125.209.58",
                            "root_block_device.#": "1",
                            "root_block_device.0.delete_on_termination": "true",
                            "root_block_device.0.iops": "100",
                            "root_block_device.0.volume_id": "vol-061ab6a6a8cfe84ca",
                            "root_block_device.0.volume_size": "8",
                            "root_block_device.0.volume_type": "gp2",
                            "security_groups.#": "1",
                            "security_groups.3814588639": "default",
                            "source_dest_check": "true",
                            "subnet_id": "subnet-66fd6b0f",
                            "tags.%": "1",
                            "tags.Name": "terraform-instance-demo",
                            "tenancy": "default",
                            "volume_tags.%": "0",
                            "vpc_security_group_ids.#": "1",
                            "vpc_security_group_ids.4288655798": "sg-034e056a"
                        },
                        "meta": {
                            "e2bfb730-ecaa-11e6-8f88-34363bc7c4c0": {
                                "create": 600000000000,
                                "delete": 1200000000000,
                                "update": 600000000000
                            },
                            "schema_version": "1"
                        },
                        "tainted": false
                    },
                    "deposed": [],
                    "provider": "provider.aws"
                },
                "aws_s3_bucket.example": {
                    "type": "aws_s3_bucket",
                    "depends_on": [],
                    "primary": {
                        "id": "terraform-getting-started-guide-yogiman",
                        "attributes": {
                            "acceleration_status": "",
                            "acl": "private",
                            "arn": "arn:aws:s3:::terraform-getting-started-guide-yogiman",
                            "bucket": "terraform-getting-started-guide-yogiman",
                            "bucket_domain_name": "terraform-getting-started-guide-yogiman.s3.amazonaws.com",
                            "force_destroy": "false",
                            "hosted_zone_id": "Z3W03O7B5YMIYP",
                            "id": "terraform-getting-started-guide-yogiman",
                            "logging.#": "0",
                            "region": "ap-northeast-2",
                            "replication_configuration.#": "0",
                            "request_payer": "BucketOwner",
                            "server_side_encryption_configuration.#": "0",
                            "tags.%": "0",
                            "versioning.#": "1",
                            "versioning.0.enabled": "false",
                            "versioning.0.mfa_delete": "false",
                            "website.#": "0"
                        },
                        "meta": {},
                        "tainted": false
                    },
                    "deposed": [],
                    "provider": "provider.aws"
                }
            },
            "depends_on": []
        }
    ]
}
