{
    "version": 3,
    "terraform_version": "0.11.3",
    "serial": 22,
    "lineage": "7285d9c0-e350-469f-b5fa-3e566fa72ba2",
    "modules": [
        {
            "path": [
                "root"
            ],
            "outputs": {
                "ip": {
                    "sensitive": false,
                    "type": "list",
                    "value": [
                        "13.125.55.10"
                    ]
                }
            },
            "resources": {
                "aws_instance.example": {
                    "type": "aws_instance",
                    "depends_on": [
                        "aws_key_pair.key-demo",
                        "aws_security_group.ssh"
                    ],
                    "primary": {
                        "id": "i-031fcb5db874da095",
                        "attributes": {
                            "ami": "ami-ab77d4c5",
                            "associate_public_ip_address": "true",
                            "availability_zone": "ap-northeast-2a",
                            "disable_api_termination": "false",
                            "ebs_block_device.#": "0",
                            "ebs_optimized": "false",
                            "ephemeral_block_device.#": "0",
                            "iam_instance_profile": "",
                            "id": "i-031fcb5db874da095",
                            "instance_state": "running",
                            "instance_type": "t2.micro",
                            "ipv6_addresses.#": "0",
                            "key_name": "key-demo",
                            "monitoring": "false",
                            "network_interface.#": "0",
                            "network_interface_id": "eni-c66d7999",
                            "placement_group": "",
                            "primary_network_interface_id": "eni-c66d7999",
                            "private_dns": "ip-172-31-13-138.ap-northeast-2.compute.internal",
                            "private_ip": "172.31.13.138",
                            "public_dns": "ec2-13-125-55-10.ap-northeast-2.compute.amazonaws.com",
                            "public_ip": "13.125.55.10",
                            "root_block_device.#": "1",
                            "root_block_device.0.delete_on_termination": "true",
                            "root_block_device.0.iops": "100",
                            "root_block_device.0.volume_id": "vol-006a6148d1bb2700a",
                            "root_block_device.0.volume_size": "8",
                            "root_block_device.0.volume_type": "gp2",
                            "security_groups.#": "1",
                            "security_groups.4002270276": "ssh",
                            "source_dest_check": "true",
                            "subnet_id": "subnet-66fd6b0f",
                            "tags.%": "1",
                            "tags.Name": "terraform-instance-demo",
                            "tenancy": "default",
                            "volume_tags.%": "0",
                            "vpc_security_group_ids.#": "1",
                            "vpc_security_group_ids.834775501": "sg-072e066c"
                        },
                        "meta": {
                            "e2bfb730-ecaa-11e6-8f88-34363bc7c4c0": {
                                "create": 600000000000,
                                "delete": 1200000000000,
                                "update": 600000000000
                            },
                            "schema_version": "1"
                        },
                        "tainted": false
                    },
                    "deposed": [],
                    "provider": "provider.aws"
                },
                "aws_key_pair.key-demo": {
                    "type": "aws_key_pair",
                    "depends_on": [],
                    "primary": {
                        "id": "key-demo",
                        "attributes": {
                            "fingerprint": "74:12:2e:5d:e2:76:01:c0:5e:d3:cd:36:65:40:64:29",
                            "id": "key-demo",
                            "key_name": "key-demo",
                            "public_key": "ssh-rsa AAAAB3NzaC1yc2EAAAADAQABAAABAQC6kKyMKN7v1wha7szKDvXNbhTqARIL+HDS8kh2gDQO5X77qXvl/KuKlYY6Egfiaoma2UYDMKsbET6cx0McU0d4VEwhZ4i22tF2ScMvrl2XJT8IvR9ylOqIpOdmuOIInoLs2TJSJ8u+GxmsN3hWRWtJt4SheuYbcAwLCW0TOgT6Q0AMS/VqzHDPo05Gkd1BzLiXHPLmIKxSoAscYP0MrPbylDYn4T9/67SCWK5/hpMZTeKInjmguLsAKtdL1ArteaCiyB4WCVvo3lcgp55o15oAVBveE/ni4qBSErbLVReMQTqSx8ffkDRiiWA52HHm8T15RJTaC/Zelo4ppjGTEk4D yogiman@xuyujis-MacBook-Pro.local"
                        },
                        "meta": {
                            "schema_version": "1"
                        },
                        "tainted": false
                    },
                    "deposed": [],
                    "provider": "provider.aws"
                },
                "aws_security_group.ssh": {
                    "type": "aws_security_group",
                    "depends_on": [],
                    "primary": {
                        "id": "sg-072e066c",
                        "attributes": {
                            "description": "Managed by Terraform",
                            "egress.#": "1",
                            "egress.482069346.cidr_blocks.#": "1",
                            "egress.482069346.cidr_blocks.0": "0.0.0.0/0",
                            "egress.482069346.description": "",
                            "egress.482069346.from_port": "0",
                            "egress.482069346.ipv6_cidr_blocks.#": "0",
                            "egress.482069346.prefix_list_ids.#": "0",
                            "egress.482069346.protocol": "-1",
                            "egress.482069346.security_groups.#": "0",
                            "egress.482069346.self": "false",
                            "egress.482069346.to_port": "0",
                            "id": "sg-072e066c",
                            "ingress.#": "1",
                            "ingress.2541437006.cidr_blocks.#": "1",
                            "ingress.2541437006.cidr_blocks.0": "0.0.0.0/0",
                            "ingress.2541437006.description": "",
                            "ingress.2541437006.from_port": "22",
                            "ingress.2541437006.ipv6_cidr_blocks.#": "0",
                            "ingress.2541437006.protocol": "tcp",
                            "ingress.2541437006.security_groups.#": "0",
                            "ingress.2541437006.self": "false",
                            "ingress.2541437006.to_port": "22",
                            "name": "ssh",
                            "owner_id": "456061148158",
                            "revoke_rules_on_delete": "false",
                            "tags.%": "0",
                            "vpc_id": "vpc-b38d03da"
                        },
                        "meta": {
                            "schema_version": "1"
                        },
                        "tainted": false
                    },
                    "deposed": [],
                    "provider": "provider.aws"
                }
            },
            "depends_on": []
        }
    ]
}
