{
    "version": 3,
    "terraform_version": "0.10.7",
    "serial": 62,
    "lineage": "40cea399-d400-4ae8-a94d-896dc545ed9e",
    "modules": [
        {
            "path": [
                "root"
            ],
            "outputs": {
                "ip": {
                    "sensitive": false,
                    "type": "string",
                    "value": "47.88.158.192"
                }
            },
            "resources": {
                "alicloud_instance.web": {
                    "type": "alicloud_instance",
                    "depends_on": [
                        "alicloud_key_pair.key_pair",
                        "alicloud_security_group.default",
                        "alicloud_vswitch.terraform_switch"
                    ],
                    "primary": {
                        "id": "i-t4n1cneefoizcci5wt1u",
                        "attributes": {
                            "allocate_public_ip": "true",
                            "availability_zone": "ap-southeast-1a",
                            "description": "",
                            "host_name": "iZt4n1cneefoizcci5wt1uZ",
                            "id": "i-t4n1cneefoizcci5wt1u",
                            "image_id": "m-t4nhzc7pd8k7pqo6lnye",
                            "instance_charge_type": "PostPaid",
                            "instance_name": "web",
                            "instance_type": "ecs.n1.tiny",
                            "internet_charge_type": "PayByTraffic",
                            "internet_max_bandwidth_out": "100",
                            "is_outdated": "true",
                            "key_name": "key-pair-from-terraform",
                            "password": "",
                            "private_ip": "172.16.14.204",
                            "public_ip": "47.88.158.192",
                            "security_groups.#": "1",
                            "security_groups.3368607379": "sg-t4nhx8v6lzabifnmqjd7",
                            "status": "Running",
                            "subnet_id": "vsw-t4nv0q6vwri22q24w4q0j",
                            "system_disk_category": "cloud_efficiency",
                            "system_disk_size": "40",
                            "tags.%": "0",
                            "vswitch_id": "vsw-t4nv0q6vwri22q24w4q0j"
                        },
                        "meta": {},
                        "tainted": false
                    },
                    "deposed": [],
                    "provider": ""
                },
                "alicloud_key_pair.key_pair": {
                    "type": "alicloud_key_pair",
                    "depends_on": [],
                    "primary": {
                        "id": "key-pair-from-terraform",
                        "attributes": {
                            "id": "key-pair-from-terraform",
                            "key_file": "private.pem",
                            "key_name": "key-pair-from-terraform"
                        },
                        "meta": {},
                        "tainted": false
                    },
                    "deposed": [],
                    "provider": ""
                },
                "alicloud_security_group.default": {
                    "type": "alicloud_security_group",
                    "depends_on": [
                        "alicloud_vpc.terraform_vpc"
                    ],
                    "primary": {
                        "id": "sg-t4nhx8v6lzabifnmqjd7",
                        "attributes": {
                            "description": "default",
                            "id": "sg-t4nhx8v6lzabifnmqjd7",
                            "name": "default",
                            "vpc_id": "vpc-t4np2jnayazz1766ko8db"
                        },
                        "meta": {},
                        "tainted": false
                    },
                    "deposed": [],
                    "provider": ""
                },
                "alicloud_security_group_rule.ping": {
                    "type": "alicloud_security_group_rule",
                    "depends_on": [
                        "alicloud_security_group.default"
                    ],
                    "primary": {
                        "id": "sg-t4nhx8v6lzabifnmqjd7:ingress:icmp:-1/-1::0.0.0.0/0",
                        "attributes": {
                            "cidr_ip": "0.0.0.0/0",
                            "id": "sg-t4nhx8v6lzabifnmqjd7:ingress:icmp:-1/-1::0.0.0.0/0",
                            "ip_protocol": "icmp",
                            "nic_type": "intranet",
                            "policy": "accept",
                            "port_range": "-1/-1",
                            "priority": "1",
                            "security_group_id": "sg-t4nhx8v6lzabifnmqjd7",
                            "source_group_owner_account": "",
                            "source_security_group_id": "",
                            "type": "ingress"
                        },
                        "meta": {},
                        "tainted": false
                    },
                    "deposed": [],
                    "provider": ""
                },
                "alicloud_security_group_rule.ssh": {
                    "type": "alicloud_security_group_rule",
                    "depends_on": [
                        "alicloud_security_group.default"
                    ],
                    "primary": {
                        "id": "sg-t4nhx8v6lzabifnmqjd7:ingress:tcp:22/22::0.0.0.0/0",
                        "attributes": {
                            "cidr_ip": "0.0.0.0/0",
                            "id": "sg-t4nhx8v6lzabifnmqjd7:ingress:tcp:22/22::0.0.0.0/0",
                            "ip_protocol": "tcp",
                            "nic_type": "intranet",
                            "policy": "accept",
                            "port_range": "22/22",
                            "priority": "1",
                            "security_group_id": "sg-t4nhx8v6lzabifnmqjd7",
                            "source_group_owner_account": "",
                            "source_security_group_id": "",
                            "type": "ingress"
                        },
                        "meta": {},
                        "tainted": false
                    },
                    "deposed": [],
                    "provider": ""
                },
                "alicloud_vpc.terraform_vpc": {
                    "type": "alicloud_vpc",
                    "depends_on": [],
                    "primary": {
                        "id": "vpc-t4np2jnayazz1766ko8db",
                        "attributes": {
                            "cidr_block": "172.16.0.0/12",
                            "description": "",
                            "id": "vpc-t4np2jnayazz1766ko8db",
                            "name": "terraform_vpc",
                            "route_table_id": "vtb-t4n5zhyuaatx8i2zsmo9t",
                            "router_id": "vrt-t4njqe3apt4fwbpc977ts",
                            "router_table_id": "vtb-t4n5zhyuaatx8i2zsmo9t"
                        },
                        "meta": {},
                        "tainted": false
                    },
                    "deposed": [],
                    "provider": ""
                },
                "alicloud_vswitch.terraform_switch": {
                    "type": "alicloud_vswitch",
                    "depends_on": [
                        "alicloud_vpc.terraform_vpc"
                    ],
                    "primary": {
                        "id": "vsw-t4nv0q6vwri22q24w4q0j",
                        "attributes": {
                            "availability_zone": "ap-southeast-1a",
                            "cidr_block": "172.16.0.0/16",
                            "description": "",
                            "id": "vsw-t4nv0q6vwri22q24w4q0j",
                            "name": "",
                            "vpc_id": "vpc-t4np2jnayazz1766ko8db"
                        },
                        "meta": {},
                        "tainted": false
                    },
                    "deposed": [],
                    "provider": ""
                }
            },
            "depends_on": []
        }
    ]
}
